
Microsoft Visual Studio Solution File, Format Version 12.00
# Visual Studio Version 17
VisualStudioVersion = 17.5.33516.290
MinimumVisualStudioVersion = 10.0.40219.1
Project("{9A19103F-16F7-4668-BE54-9A1E7A4F7556}") = "Benchmarker", "Benchmarker\Benchmarker.csproj", "{32B0091E-6524-4F19-BBFB-8BD4032422FA}"
EndProject
Project("{9A19103F-16F7-4668-BE54-9A1E7A4F7556}") = "Benchmarker.Test", "Benchmarker.Test\Benchmarker.Test.csproj", "{D12E20BA-D94F-48D8-ADFA-1A780C5F3D36}"
EndProject
Global
	GlobalSection(SolutionConfigurationPlatforms) = preSolution
		Debug|Any CPU = Debug|Any CPU
		Release|Any CPU = Release|Any CPU
	EndGlobalSection
	GlobalSection(ProjectConfigurationPlatforms) = postSolution
		{32B0091E-6524-4F19-BBFB-8BD4032422FA}.Debug|Any CPU.ActiveCfg = Debug|Any CPU
		{32B0091E-6524-4F19-BBFB-8BD4032422FA}.Debug|Any CPU.Build.0 = Debug|Any CPU
		{32B0091E-6524-4F19-BBFB-8BD4032422FA}.Release|Any CPU.ActiveCfg = Release|Any CPU
		{32B0091E-6524-4F19-BBFB-8BD4032422FA}.Release|Any CPU.Build.0 = Release|Any CPU
		{D12E20BA-D94F-48D8-ADFA-1A780C5F3D36}.Debug|Any CPU.ActiveCfg = Debug|Any CPU
		{D12E20BA-D94F-48D8-ADFA-1A780C5F3D36}.Debug|Any CPU.Build.0 = Debug|Any CPU
		{D12E20BA-D94F-48D8-ADFA-1A780C5F3D36}.Release|Any CPU.ActiveCfg = Release|Any CPU
		{D12E20BA-D94F-48D8-ADFA-1A780C5F3D36}.Release|Any CPU.Build.0 = Release|Any CPU
	EndGlobalSection
	GlobalSection(SolutionProperties) = preSolution
		HideSolutionNode = FALSE
	EndGlobalSection
	GlobalSection(ExtensibilityGlobals) = postSolution
		SolutionGuid = {815D544B-351C-4320-85E0-A74709415F5E}
	EndGlobalSection
EndGlobal
